
Microsoft Visual Studio Solution File, Format Version 12.00
# Visual Studio Version 17
VisualStudioVersion = 17.5.002.0
MinimumVisualStudioVersion = 10.0.40219.1
Project("{9A19103F-16F7-4668-BE54-9A1E7A4F7556}") = "livro", "livro.csproj", "{03146C48-95E3-4AA2-997A-70BD7D33A575}"
EndProject
Global
	GlobalSection(SolutionConfigurationPlatforms) = preSolution
		Debug|Any CPU = Debug|Any CPU
		Release|Any CPU = Release|Any CPU
	EndGlobalSection
	GlobalSection(ProjectConfigurationPlatforms) = postSolution
		{03146C48-95E3-4AA2-997A-70BD7D33A575}.Debug|Any CPU.ActiveCfg = Debug|Any CPU
		{03146C48-95E3-4AA2-997A-70BD7D33A575}.Debug|Any CPU.Build.0 = Debug|Any CPU
		{03146C48-95E3-4AA2-997A-70BD7D33A575}.Release|Any CPU.ActiveCfg = Release|Any CPU
		{03146C48-95E3-4AA2-997A-70BD7D33A575}.Release|Any CPU.Build.0 = Release|Any CPU
	EndGlobalSection
	GlobalSection(SolutionProperties) = preSolution
		HideSolutionNode = FALSE
	EndGlobalSection
	GlobalSection(ExtensibilityGlobals) = postSolution
		SolutionGuid = {46DF4307-89E4-4E99-B867-1B6AA923F72C}
	EndGlobalSection
EndGlobal
